// !$*UTF8*$!
{
	archiveVersion = 1;
	classes = {
	};
	objectVersion = 55;
	objects = {

/* Begin PBXBuildFile section */
		55A7A3F428AB971F00488DBB /* AppDelegate.swift in Sources */ = {isa = PBXBuildFile; fileRef = 55A7A3F328AB971F00488DBB /* AppDelegate.swift */; };
		55A7A3F628AB971F00488DBB /* SceneDelegate.swift in Sources */ = {isa = PBXBuildFile; fileRef = 55A7A3F528AB971F00488DBB /* SceneDelegate.swift */; };
		55A7A3F828AB971F00488DBB /* ViewController.swift in Sources */ = {isa = PBXBuildFile; fileRef = 55A7A3F728AB971F00488DBB /* ViewController.swift */; };
		55A7A3FB28AB971F00488DBB /* Main.storyboard in Resources */ = {isa = PBXBuildFile; fileRef = 55A7A3F928AB971F00488DBB /* Main.storyboard */; };
		55A7A3FE28AB971F00488DBB /* HW26AndreyOala.xcdatamodeld in Sources */ = {isa = PBXBuildFile; fileRef = 55A7A3FC28AB971F00488DBB /* HW26AndreyOala.xcdatamodeld */; };
		55A7A40028AB972000488DBB /* Assets.xcassets in Resources */ = {isa = PBXBuildFile; fileRef = 55A7A3FF28AB972000488DBB /* Assets.xcassets */; };
		55A7A40328AB972000488DBB /* LaunchScreen.storyboard in Resources */ = {isa = PBXBuildFile; fileRef = 55A7A40128AB972000488DBB /* LaunchScreen.storyboard */; };
/* End PBXBuildFile section */

/* Begin PBXFileReference section */
		55A7A3F028AB971F00488DBB /* HW26AndreyOala.app */ = {isa = PBXFileReference; explicitFileType = wrapper.application; includeInIndex = 0; path = HW26AndreyOala.app; sourceTree = BUILT_PRODUCTS_DIR; };
		55A7A3F328AB971F00488DBB /* AppDelegate.swift */ = {isa = PBXFileReference; lastKnownFileType = sourcecode.swift; path = AppDelegate.swift; sourceTree = "<group>"; };
		55A7A3F528AB971F00488DBB /* SceneDelegate.swift */ = {isa = PBXFileReference; lastKnownFileType = sourcecode.swift; path = SceneDelegate.swift; sourceTree = "<group>"; };
		55A7A3F728AB971F00488DBB /* ViewController.swift */ = {isa = PBXFileReference; lastKnownFileType = sourcecode.swift; path = ViewController.swift; sourceTree = "<group>"; };
		55A7A3FA28AB971F00488DBB /* Base */ = {isa = PBXFileReference; lastKnownFileType = file.storyboard; name = Base; path = Base.lproj/Main.storyboard; sourceTree = "<group>"; };
		55A7A3FD28AB971F00488DBB /* HW26AndreyOala.xcdatamodel */ = {isa = PBXFileReference; lastKnownFileType = wrapper.xcdatamodel; path = HW26AndreyOala.xcdatamodel; sourceTree = "<group>"; };
		55A7A3FF28AB972000488DBB /* Assets.xcassets */ = {isa = PBXFileReference; lastKnownFileType = folder.assetcatalog; path = Assets.xcassets; sourceTree = "<group>"; };
		55A7A40228AB972000488DBB /* Base */ = {isa = PBXFileReference; lastKnownFileType = file.storyboard; name = Base; path = Base.lproj/LaunchScreen.storyboard; sourceTree = "<group>"; };
		55A7A40428AB972000488DBB /* Info.plist */ = {isa = PBXFileReference; lastKnownFileType = text.plist.xml; path = Info.plist; sourceTree = "<group>"; };
/* End PBXFileReference section */

/* Begin PBXFrameworksBuildPhase section */
		55A7A3ED28AB971F00488DBB /* Frameworks */ = {
			isa = PBXFrameworksBuildPhase;
			buildActionMask = 2147483647;
			files = (
			);
			runOnlyForDeploymentPostprocessing = 0;
		};
/* End PBXFrameworksBuildPhase section */

/* Begin PBXGroup section */
		55A7A3E728AB971F00488DBB = {
			isa = PBXGroup;
			children = (
				55A7A3F228AB971F00488DBB /* HW26AndreyOala */,
				55A7A3F128AB971F00488DBB /* Products */,
			);
			sourceTree = "<group>";
		};
		55A7A3F128AB971F00488DBB /* Products */ = {
			isa = PBXGroup;
			children = (
				55A7A3F028AB971F00488DBB /* HW26AndreyOala.app */,
			);
			name = Products;
			sourceTree = "<group>";
		};
		55A7A3F228AB971F00488DBB /* HW26AndreyOala */ = {
			isa = PBXGroup;
			children = (
				55A7A3F328AB971F00488DBB /* AppDelegate.swift */,
				55A7A3F528AB971F00488DBB /* SceneDelegate.swift */,
				55A7A3F728AB971F00488DBB /* ViewController.swift */,
				55A7A3F928AB971F00488DBB /* Main.storyboard */,
				55A7A3FF28AB972000488DBB /* Assets.xcassets */,
				55A7A40128AB972000488DBB /* LaunchScreen.storyboard */,
				55A7A40428AB972000488DBB /* Info.plist */,
				55A7A3FC28AB971F00488DBB /* HW26AndreyOala.xcdatamodeld */,
			);
			path = HW26AndreyOala;
			sourceTree = "<group>";
		};
/* End PBXGroup section */

/* Begin PBXNativeTarget section */
		55A7A3EF28AB971F00488DBB /* HW26AndreyOala */ = {
			isa = PBXNativeTarget;
			buildConfigurationList = 55A7A40728AB972000488DBB /* Build configuration list for PBXNativeTarget "HW26AndreyOala" */;
			buildPhases = (
				55A7A3EC28AB971F00488DBB /* Sources */,
				55A7A3ED28AB971F00488DBB /* Frameworks */,
				55A7A3EE28AB971F00488DBB /* Resources */,
			);
			buildRules = (
			);
			dependencies = (
			);
			name = HW26AndreyOala;
			productName = HW26AndreyOala;
			productReference = 55A7A3F028AB971F00488DBB /* HW26AndreyOala.app */;
			productType = "com.apple.product-type.application";
		};
/* End PBXNativeTarget section */

/* Begin PBXProject section */
		55A7A3E828AB971F00488DBB /* Project object */ = {
			isa = PBXProject;
			attributes = {
				BuildIndependentTargetsInParallel = 1;
				LastSwiftUpdateCheck = 1340;
				LastUpgradeCheck = 1340;
				TargetAttributes = {
					55A7A3EF28AB971F00488DBB = {
						CreatedOnToolsVersion = 13.4.1;
					};
				};
			};
			buildConfigurationList = 55A7A3EB28AB971F00488DBB /* Build configuration list for PBXProject "HW26AndreyOala" */;
			compatibilityVersion = "Xcode 13.0";
			developmentRegion = en;
			hasScannedForEncodings = 0;
			knownRegions = (
				en,
				Base,
			);
			mainGroup = 55A7A3E728AB971F00488DBB;
			productRefGroup = 55A7A3F128AB971F00488DBB /* Products */;
			projectDirPath = "";
			projectRoot = "";
			targets = (
				55A7A3EF28AB971F00488DBB /* HW26AndreyOala */,
			);
		};
/* End PBXProject section */

/* Begin PBXResourcesBuildPhase section */
		55A7A3EE28AB971F00488DBB /* Resources */ = {
			isa = PBXResourcesBuildPhase;
			buildActionMask = 2147483647;
			files = (
				55A7A40328AB972000488DBB /* LaunchScreen.storyboard in Resources */,
				55A7A40028AB972000488DBB /* Assets.xcassets in Resources */,
				55A7A3FB28AB971F00488DBB /* Main.storyboard in Resources */,
			);
			runOnlyForDeploymentPostprocessing = 0;
		};
/* End PBXResourcesBuildPhase section */

/* Begin PBXSourcesBuildPhase section */
		55A7A3EC28AB971F00488DBB /* Sources */ = {
			isa = PBXSourcesBuildPhase;
			buildActionMask = 2147483647;
			files = (
				55A7A3F828AB971F00488DBB /* ViewController.swift in Sources */,
				55A7A3F428AB971F00488DBB /* AppDelegate.swift in Sources */,
				55A7A3FE28AB971F00488DBB /* HW26AndreyOala.xcdatamodeld in Sources */,
				55A7A3F628AB971F00488DBB /* SceneDelegate.swift in Sources */,
			);
			runOnlyForDeploymentPostprocessing = 0;
		};
/* End PBXSourcesBuildPhase section */

/* Begin PBXVariantGroup section */
		55A7A3F928AB971F00488DBB /* Main.storyboard */ = {
			isa = PBXVariantGroup;
			children = (
				55A7A3FA28AB971F00488DBB /* Base */,
			);
			name = Main.storyboard;
			sourceTree = "<group>";
		};
		55A7A40128AB972000488DBB /* LaunchScreen.storyboard */ = {
			isa = PBXVariantGroup;
			children = (
				55A7A40228AB972000488DBB /* Base */,
			);
			name = LaunchScreen.storyboard;
			sourceTree = "<group>";
		};
/* End PBXVariantGroup section */

/* Begin XCBuildConfiguration section */
		55A7A40528AB972000488DBB /* Debug */ = {
			isa = XCBuildConfiguration;
			buildSettings = {
				ALWAYS_SEARCH_USER_PATHS = NO;
				CLANG_ANALYZER_NONNULL = YES;
				CLANG_ANALYZER_NUMBER_OBJECT_CONVERSION = YES_AGGRESSIVE;
				CLANG_CXX_LANGUAGE_STANDARD = "gnu++17";
				CLANG_ENABLE_MODULES = YES;
				CLANG_ENABLE_OBJC_ARC = YES;
				CLANG_ENABLE_OBJC_WEAK = YES;
				CLANG_WARN_BLOCK_CAPTURE_AUTORELEASING = YES;
				CLANG_WARN_BOOL_CONVERSION = YES;
				CLANG_WARN_COMMA = YES;
				CLANG_WARN_CONSTANT_CONVERSION = YES;
				CLANG_WARN_DEPRECATED_OBJC_IMPLEMENTATIONS = YES;
				CLANG_WARN_DIRECT_OBJC_ISA_USAGE = YES_ERROR;
				CLANG_WARN_DOCUMENTATION_COMMENTS = YES;
				CLANG_WARN_EMPTY_BODY = YES;
				CLANG_WARN_ENUM_CONVERSION = YES;
				CLANG_WARN_INFINITE_RECURSION = YES;
				CLANG_WARN_INT_CONVERSION = YES;
				CLANG_WARN_NON_LITERAL_NULL_CONVERSION = YES;
				CLANG_WARN_OBJC_IMPLICIT_RETAIN_SELF = YES;
				CLANG_WARN_OBJC_LITERAL_CONVERSION = YES;
				CLANG_WARN_OBJC_ROOT_CLASS = YES_ERROR;
				CLANG_WARN_QUOTED_INCLUDE_IN_FRAMEWORK_HEADER = YES;
				CLANG_WARN_RANGE_LOOP_ANALYSIS = YES;
				CLANG_WARN_STRICT_PROTOTYPES = YES;
				CLANG_WARN_SUSPICIOUS_MOVE = YES;
				CLANG_WARN_UNGUARDED_AVAILABILITY = YES_AGGRESSIVE;
				CLANG_WARN_UNREACHABLE_CODE = YES;
				CLANG_WARN__DUPLICATE_METHOD_MATCH = YES;
				COPY_PHASE_STRIP = NO;
				DEBUG_INFORMATION_FORMAT = dwarf;
				ENABLE_STRICT_OBJC_MSGSEND = YES;
				ENABLE_TESTABILITY = YES;
				GCC_C_LANGUAGE_STANDARD = gnu11;
				GCC_DYNAMIC_NO_PIC = NO;
				GCC_NO_COMMON_BLOCKS = YES;
				GCC_OPTIMIZATION_LEVEL = 0;
				GCC_PREPROCESSOR_DEFINITIONS = (
					"DEBUG=1",
					"$(inherited)",
				);
				GCC_WARN_64_TO_32_BIT_CONVERSION = YES;
				GCC_WARN_ABOUT_RETURN_TYPE = YES_ERROR;
				GCC_WARN_UNDECLARED_SELECTOR = YES;
				GCC_WARN_UNINITIALIZED_AUTOS = YES_AGGRESSIVE;
				GCC_WARN_UNUSED_FUNCTION = YES;
				GCC_WARN_UNUSED_VARIABLE = YES;
				IPHONEOS_DEPLOYMENT_TARGET = 15.5;
				MTL_ENABLE_DEBUG_INFO = INCLUDE_SOURCE;
				MTL_FAST_MATH = YES;
				ONLY_ACTIVE_ARCH = YES;
				SDKROOT = iphoneos;
				SWIFT_ACTIVE_COMPILATION_CONDITIONS = DEBUG;
				SWIFT_OPTIMIZATION_LEVEL = "-Onone";
			};
			name = Debug;
		};
		55A7A40628AB972000488DBB /* Release */ = {
			isa = XCBuildConfiguration;
			buildSettings = {
				ALWAYS_SEARCH_USER_PATHS = NO;
				CLANG_ANALYZER_NONNULL = YES;
				CLANG_ANALYZER_NUMBER_OBJECT_CONVERSION = YES_AGGRESSIVE;
				CLANG_CXX_LANGUAGE_STANDARD = "gnu++17";
				CLANG_ENABLE_MODULES = YES;
				CLANG_ENABLE_OBJC_ARC = YES;
				CLANG_ENABLE_OBJC_WEAK = YES;
				CLANG_WARN_BLOCK_CAPTURE_AUTORELEASING = YES;
				CLANG_WARN_BOOL_CONVERSION = YES;
				CLANG_WARN_COMMA = YES;
				CLANG_WARN_CONSTANT_CONVERSION = YES;
				CLANG_WARN_DEPRECATED_OBJC_IMPLEMENTATIONS = YES;
				CLANG_WARN_DIRECT_OBJC_ISA_USAGE = YES_ERROR;
				CLANG_WARN_DOCUMENTATION_COMMENTS = YES;
				CLANG_WARN_EMPTY_BODY = YES;
				CLANG_WARN_ENUM_CONVERSION = YES;
				CLANG_WARN_INFINITE_RECURSION = YES;
				CLANG_WARN_INT_CONVERSION = YES;
				CLANG_WARN_NON_LITERAL_NULL_CONVERSION = YES;
				CLANG_WARN_OBJC_IMPLICIT_RETAIN_SELF = YES;
				CLANG_WARN_OBJC_LITERAL_CONVERSION = YES;
				CLANG_WARN_OBJC_ROOT_CLASS = YES_ERROR;
				CLANG_WARN_QUOTED_INCLUDE_IN_FRAMEWORK_HEADER = YES;
				CLANG_WARN_RANGE_LOOP_ANALYSIS = YES;
				CLANG_WARN_STRICT_PROTOTYPES = YES;
				CLANG_WARN_SUSPICIOUS_MOVE = YES;
				CLANG_WARN_UNGUARDED_AVAILABILITY = YES_AGGRESSIVE;
				CLANG_WARN_UNREACHABLE_CODE = YES;
				CLANG_WARN__DUPLICATE_METHOD_MATCH = YES;
				COPY_PHASE_STRIP = NO;
				DEBUG_INFORMATION_FORMAT = "dwarf-with-dsym";
				ENABLE_NS_ASSERTIONS = NO;
				ENABLE_STRICT_OBJC_MSGSEND = YES;
				GCC_C_LANGUAGE_STANDARD = gnu11;
				GCC_NO_COMMON_BLOCKS = YES;
				GCC_WARN_64_TO_32_BIT_CONVERSION = YES;
				GCC_WARN_ABOUT_RETURN_TYPE = YES_ERROR;
				GCC_WARN_UNDECLARED_SELECTOR = YES;
				GCC_WARN_UNINITIALIZED_AUTOS = YES_AGGRESSIVE;
				GCC_WARN_UNUSED_FUNCTION = YES;
				GCC_WARN_UNUSED_VARIABLE = YES;
				IPHONEOS_DEPLOYMENT_TARGET = 15.5;
				MTL_ENABLE_DEBUG_INFO = NO;
				MTL_FAST_MATH = YES;
				SDKROOT = iphoneos;
				SWIFT_COMPILATION_MODE = wholemodule;
				SWIFT_OPTIMIZATION_LEVEL = "-O";
				VALIDATE_PRODUCT = YES;
			};
			name = Release;
		};
		55A7A40828AB972000488DBB /* Debug */ = {
			isa = XCBuildConfiguration;
			buildSettings = {
				ASSETCATALOG_COMPILER_APPICON_NAME = AppIcon;
				ASSETCATALOG_COMPILER_GLOBAL_ACCENT_COLOR_NAME = AccentColor;
				CODE_SIGN_STYLE = Automatic;
				CURRENT_PROJECT_VERSION = 1;
				DEVELOPMENT_TEAM = G56UY8T9JR;
				GENERATE_INFOPLIST_FILE = YES;
				INFOPLIST_FILE = HW26AndreyOala/Info.plist;
				INFOPLIST_KEY_UIApplicationSupportsIndirectInputEvents = YES;
				INFOPLIST_KEY_UILaunchStoryboardName = LaunchScreen;
				INFOPLIST_KEY_UIMainStoryboardFile = Main;
				INFOPLIST_KEY_UISupportedInterfaceOrientations_iPad = "UIInterfaceOrientationPortrait UIInterfaceOrientationPortraitUpsideDown UIInterfaceOrientationLandscapeLeft UIInterfaceOrientationLandscapeRight";
				INFOPLIST_KEY_UISupportedInterfaceOrientations_iPhone = "UIInterfaceOrientationPortrait UIInterfaceOrientationLandscapeLeft UIInterfaceOrientationLandscapeRight";
				LD_RUNPATH_SEARCH_PATHS = (
					"$(inherited)",
					"@executable_path/Frameworks",
				);
				MARKETING_VERSION = 1.0;
				PRODUCT_BUNDLE_IDENTIFIER = mobdev.HW26AndreyOala;
				PRODUCT_NAME = "$(TARGET_NAME)";
				SWIFT_EMIT_LOC_STRINGS = YES;
				SWIFT_VERSION = 5.0;
				TARGETED_DEVICE_FAMILY = "1,2";
			};
			name = Debug;
		};
		55A7A40928AB972000488DBB /* Release */ = {
			isa = XCBuildConfiguration;
			buildSettings = {
				ASSETCATALOG_COMPILER_APPICON_NAME = AppIcon;
				ASSETCATALOG_COMPILER_GLOBAL_ACCENT_COLOR_NAME = AccentColor;
				CODE_SIGN_STYLE = Automatic;
				CURRENT_PROJECT_VERSION = 1;
				DEVELOPMENT_TEAM = G56UY8T9JR;
				GENERATE_INFOPLIST_FILE = YES;
				INFOPLIST_FILE = HW26AndreyOala/Info.plist;
				INFOPLIST_KEY_UIApplicationSupportsIndirectInputEvents = YES;
				INFOPLIST_KEY_UILaunchStoryboardName = LaunchScreen;
				INFOPLIST_KEY_UIMainStoryboardFile = Main;
				INFOPLIST_KEY_UISupportedInterfaceOrientations_iPad = "UIInterfaceOrientationPortrait UIInterfaceOrientationPortraitUpsideDown UIInterfaceOrientationLandscapeLeft UIInterfaceOrientationLandscapeRight";
				INFOPLIST_KEY_UISupportedInterfaceOrientations_iPhone = "UIInterfaceOrientationPortrait UIInterfaceOrientationLandscapeLeft UIInterfaceOrientationLandscapeRight";
				LD_RUNPATH_SEARCH_PATHS = (
					"$(inherited)",
					"@executable_path/Frameworks",
				);
				MARKETING_VERSION = 1.0;
				PRODUCT_BUNDLE_IDENTIFIER = mobdev.HW26AndreyOala;
				PRODUCT_NAME = "$(TARGET_NAME)";
				SWIFT_EMIT_LOC_STRINGS = YES;
				SWIFT_VERSION = 5.0;
				TARGETED_DEVICE_FAMILY = "1,2";
			};
			name = Release;
		};
/* End XCBuildConfiguration section */

/* Begin XCConfigurationList section */
		55A7A3EB28AB971F00488DBB /* Build configuration list for PBXProject "HW26AndreyOala" */ = {
			isa = XCConfigurationList;
			buildConfigurations = (
				55A7A40528AB972000488DBB /* Debug */,
				55A7A40628AB972000488DBB /* Release */,
			);
			defaultConfigurationIsVisible = 0;
			defaultConfigurationName = Release;
		};
		55A7A40728AB972000488DBB /* Build configuration list for PBXNativeTarget "HW26AndreyOala" */ = {
			isa = XCConfigurationList;
			buildConfigurations = (
				55A7A40828AB972000488DBB /* Debug */,
				55A7A40928AB972000488DBB /* Release */,
			);
			defaultConfigurationIsVisible = 0;
			defaultConfigurationName = Release;
		};
/* End XCConfigurationList section */

/* Begin XCVersionGroup section */
		55A7A3FC28AB971F00488DBB /* HW26AndreyOala.xcdatamodeld */ = {
			isa = XCVersionGroup;
			children = (
				55A7A3FD28AB971F00488DBB /* HW26AndreyOala.xcdatamodel */,
			);
			currentVersion = 55A7A3FD28AB971F00488DBB /* HW26AndreyOala.xcdatamodel */;
			path = HW26AndreyOala.xcdatamodeld;
			sourceTree = "<group>";
			versionGroupType = wrapper.xcdatamodel;
		};
/* End XCVersionGroup section */
	};
	rootObject = 55A7A3E828AB971F00488DBB /* Project object */;
}
